
Microsoft Visual Studio Solution File, Format Version 12.00
# Visual Studio 15
VisualStudioVersion = 15.0.27004.2010
MinimumVisualStudioVersion = 10.0.40219.1
Project("{FAE04EC0-301F-11D3-BF4B-00C04F79EFBC}") = "api_chatbot_services", "api_chatbot_services\api_chatbot_services.csproj", "{90800827-F028-4092-9D74-69499667F151}"
EndProject
Global
	GlobalSection(SolutionConfigurationPlatforms) = preSolution
		Debug|Any CPU = Debug|Any CPU
		Release|Any CPU = Release|Any CPU
	EndGlobalSection
	GlobalSection(ProjectConfigurationPlatforms) = postSolution
		{90800827-F028-4092-9D74-69499667F151}.Debug|Any CPU.ActiveCfg = Debug|Any CPU
		{90800827-F028-4092-9D74-69499667F151}.Debug|Any CPU.Build.0 = Debug|Any CPU
		{90800827-F028-4092-9D74-69499667F151}.Release|Any CPU.ActiveCfg = Release|Any CPU
		{90800827-F028-4092-9D74-69499667F151}.Release|Any CPU.Build.0 = Release|Any CPU
	EndGlobalSection
	GlobalSection(SolutionProperties) = preSolution
		HideSolutionNode = FALSE
	EndGlobalSection
	GlobalSection(ExtensibilityGlobals) = postSolution
		SolutionGuid = {276AD3AA-D461-4FF8-BAFF-046800F3E226}
	EndGlobalSection
EndGlobal
